
Microsoft Visual Studio Solution File, Format Version 12.00
# Visual Studio Version 17
VisualStudioVersion = 17.7.34031.279
MinimumVisualStudioVersion = 10.0.40219.1
Project("{FAE04EC0-301F-11D3-BF4B-00C04F79EFBC}") = "ClientLogApplication", "ClientLogApplication.csproj", "{B4A6B2D2-75A0-42F6-9E5A-8BCDDD6C58FB}"
EndProject
Global
	GlobalSection(SolutionConfigurationPlatforms) = preSolution
		Debug|Any CPU = Debug|Any CPU
		Release|Any CPU = Release|Any CPU
	EndGlobalSection
	GlobalSection(ProjectConfigurationPlatforms) = postSolution
		{B4A6B2D2-75A0-42F6-9E5A-8BCDDD6C58FB}.Debug|Any CPU.ActiveCfg = Debug|Any CPU
		{B4A6B2D2-75A0-42F6-9E5A-8BCDDD6C58FB}.Debug|Any CPU.Build.0 = Debug|Any CPU
		{B4A6B2D2-75A0-42F6-9E5A-8BCDDD6C58FB}.Release|Any CPU.ActiveCfg = Release|Any CPU
		{B4A6B2D2-75A0-42F6-9E5A-8BCDDD6C58FB}.Release|Any CPU.Build.0 = Release|Any CPU
	EndGlobalSection
	GlobalSection(SolutionProperties) = preSolution
		HideSolutionNode = FALSE
	EndGlobalSection
	GlobalSection(ExtensibilityGlobals) = postSolution
		SolutionGuid = {82AF3C80-D39F-41D2-A650-BB0C4FCBAD91}
	EndGlobalSection
EndGlobal
